// !$*UTF8*$!
{
	archiveVersion = 1;
	classes = {
	};
	objectVersion = 50;
	objects = {

/* Begin PBXBuildFile section */
		BDD116AB26B34069005C018F /* AppDelegate.swift in Sources */ = {isa = PBXBuildFile; fileRef = BDD116AA26B34069005C018F /* AppDelegate.swift */; };
		BDD116AD26B34069005C018F /* SceneDelegate.swift in Sources */ = {isa = PBXBuildFile; fileRef = BDD116AC26B34069005C018F /* SceneDelegate.swift */; };
		BDD116AF26B34069005C018F /* ViewController.swift in Sources */ = {isa = PBXBuildFile; fileRef = BDD116AE26B34069005C018F /* ViewController.swift */; };
		BDD116B226B34069005C018F /* Main.storyboard in Resources */ = {isa = PBXBuildFile; fileRef = BDD116B026B34069005C018F /* Main.storyboard */; };
		BDD116B426B3406A005C018F /* Assets.xcassets in Resources */ = {isa = PBXBuildFile; fileRef = BDD116B326B3406A005C018F /* Assets.xcassets */; };
		BDD116B726B3406A005C018F /* LaunchScreen.storyboard in Resources */ = {isa = PBXBuildFile; fileRef = BDD116B526B3406A005C018F /* LaunchScreen.storyboard */; };
		BDD116C226B3406A005C018F /* miniProject2Tests.swift in Sources */ = {isa = PBXBuildFile; fileRef = BDD116C126B3406A005C018F /* miniProject2Tests.swift */; };
		BDD116CD26B3406A005C018F /* miniProject2UITests.swift in Sources */ = {isa = PBXBuildFile; fileRef = BDD116CC26B3406A005C018F /* miniProject2UITests.swift */; };
		BDD116DB26B34EE0005C018F /* secondViewController.swift in Sources */ = {isa = PBXBuildFile; fileRef = BDD116DA26B34EE0005C018F /* secondViewController.swift */; };
		BDD1171926B451F0005C018F /* thirdViewController.swift in Sources */ = {isa = PBXBuildFile; fileRef = BDD1171826B451F0005C018F /* thirdViewController.swift */; };
/* End PBXBuildFile section */

/* Begin PBXContainerItemProxy section */
		BDD116BE26B3406A005C018F /* PBXContainerItemProxy */ = {
			isa = PBXContainerItemProxy;
			containerPortal = BDD1169F26B34069005C018F /* Project object */;
			proxyType = 1;
			remoteGlobalIDString = BDD116A626B34069005C018F;
			remoteInfo = miniProject2;
		};
		BDD116C926B3406A005C018F /* PBXContainerItemProxy */ = {
			isa = PBXContainerItemProxy;
			containerPortal = BDD1169F26B34069005C018F /* Project object */;
			proxyType = 1;
			remoteGlobalIDString = BDD116A626B34069005C018F;
			remoteInfo = miniProject2;
		};
/* End PBXContainerItemProxy section */

/* Begin PBXFileReference section */
		BDD116A726B34069005C018F /* miniProject2.app */ = {isa = PBXFileReference; explicitFileType = wrapper.application; includeInIndex = 0; path = miniProject2.app; sourceTree = BUILT_PRODUCTS_DIR; };
		BDD116AA26B34069005C018F /* AppDelegate.swift */ = {isa = PBXFileReference; lastKnownFileType = sourcecode.swift; path = AppDelegate.swift; sourceTree = "<group>"; };
		BDD116AC26B34069005C018F /* SceneDelegate.swift */ = {isa = PBXFileReference; lastKnownFileType = sourcecode.swift; path = SceneDelegate.swift; sourceTree = "<group>"; };
		BDD116AE26B34069005C018F /* ViewController.swift */ = {isa = PBXFileReference; lastKnownFileType = sourcecode.swift; path = ViewController.swift; sourceTree = "<group>"; };
		BDD116B126B34069005C018F /* Base */ = {isa = PBXFileReference; lastKnownFileType = file.storyboard; name = Base; path = Base.lproj/Main.storyboard; sourceTree = "<group>"; };
		BDD116B326B3406A005C018F /* Assets.xcassets */ = {isa = PBXFileReference; lastKnownFileType = folder.assetcatalog; path = Assets.xcassets; sourceTree = "<group>"; };
		BDD116B626B3406A005C018F /* Base */ = {isa = PBXFileReference; lastKnownFileType = file.storyboard; name = Base; path = Base.lproj/LaunchScreen.storyboard; sourceTree = "<group>"; };
		BDD116B826B3406A005C018F /* Info.plist */ = {isa = PBXFileReference; lastKnownFileType = text.plist.xml; path = Info.plist; sourceTree = "<group>"; };
		BDD116BD26B3406A005C018F /* miniProject2Tests.xctest */ = {isa = PBXFileReference; explicitFileType = wrapper.cfbundle; includeInIndex = 0; path = miniProject2Tests.xctest; sourceTree = BUILT_PRODUCTS_DIR; };
		BDD116C126B3406A005C018F /* miniProject2Tests.swift */ = {isa = PBXFileReference; lastKnownFileType = sourcecode.swift; path = miniProject2Tests.swift; sourceTree = "<group>"; };
		BDD116C326B3406A005C018F /* Info.plist */ = {isa = PBXFileReference; lastKnownFileType = text.plist.xml; path = Info.plist; sourceTree = "<group>"; };
		BDD116C826B3406A005C018F /* miniProject2UITests.xctest */ = {isa = PBXFileReference; explicitFileType = wrapper.cfbundle; includeInIndex = 0; path = miniProject2UITests.xctest; sourceTree = BUILT_PRODUCTS_DIR; };
		BDD116CC26B3406A005C018F /* miniProject2UITests.swift */ = {isa = PBXFileReference; lastKnownFileType = sourcecode.swift; path = miniProject2UITests.swift; sourceTree = "<group>"; };
		BDD116CE26B3406A005C018F /* Info.plist */ = {isa = PBXFileReference; lastKnownFileType = text.plist.xml; path = Info.plist; sourceTree = "<group>"; };
		BDD116DA26B34EE0005C018F /* secondViewController.swift */ = {isa = PBXFileReference; lastKnownFileType = sourcecode.swift; path = secondViewController.swift; sourceTree = "<group>"; };
		BDD1171826B451F0005C018F /* thirdViewController.swift */ = {isa = PBXFileReference; lastKnownFileType = sourcecode.swift; path = thirdViewController.swift; sourceTree = "<group>"; };
/* End PBXFileReference section */

/* Begin PBXFrameworksBuildPhase section */
		BDD116A426B34069005C018F /* Frameworks */ = {
			isa = PBXFrameworksBuildPhase;
			buildActionMask = 2147483647;
			files = (
			);
			runOnlyForDeploymentPostprocessing = 0;
		};
		BDD116BA26B3406A005C018F /* Frameworks */ = {
			isa = PBXFrameworksBuildPhase;
			buildActionMask = 2147483647;
			files = (
			);
			runOnlyForDeploymentPostprocessing = 0;
		};
		BDD116C526B3406A005C018F /* Frameworks */ = {
			isa = PBXFrameworksBuildPhase;
			buildActionMask = 2147483647;
			files = (
			);
			runOnlyForDeploymentPostprocessing = 0;
		};
/* End PBXFrameworksBuildPhase section */

/* Begin PBXGroup section */
		BDD1169E26B34069005C018F = {
			isa = PBXGroup;
			children = (
				BDD116A926B34069005C018F /* miniProject2 */,
				BDD116C026B3406A005C018F /* miniProject2Tests */,
				BDD116CB26B3406A005C018F /* miniProject2UITests */,
				BDD116A826B34069005C018F /* Products */,
			);
			sourceTree = "<group>";
			usesTabs = 0;
		};
		BDD116A826B34069005C018F /* Products */ = {
			isa = PBXGroup;
			children = (
				BDD116A726B34069005C018F /* miniProject2.app */,
				BDD116BD26B3406A005C018F /* miniProject2Tests.xctest */,
				BDD116C826B3406A005C018F /* miniProject2UITests.xctest */,
			);
			name = Products;
			sourceTree = "<group>";
		};
		BDD116A926B34069005C018F /* miniProject2 */ = {
			isa = PBXGroup;
			children = (
				BDD116AA26B34069005C018F /* AppDelegate.swift */,
				BDD116AC26B34069005C018F /* SceneDelegate.swift */,
				BDD116AE26B34069005C018F /* ViewController.swift */,
				BDD116DA26B34EE0005C018F /* secondViewController.swift */,
				BDD1171826B451F0005C018F /* thirdViewController.swift */,
				BDD116B026B34069005C018F /* Main.storyboard */,
				BDD116B326B3406A005C018F /* Assets.xcassets */,
				BDD116B526B3406A005C018F /* LaunchScreen.storyboard */,
				BDD116B826B3406A005C018F /* Info.plist */,
			);
			path = miniProject2;
			sourceTree = "<group>";
		};
		BDD116C026B3406A005C018F /* miniProject2Tests */ = {
			isa = PBXGroup;
			children = (
				BDD116C126B3406A005C018F /* miniProject2Tests.swift */,
				BDD116C326B3406A005C018F /* Info.plist */,
			);
			path = miniProject2Tests;
			sourceTree = "<group>";
		};
		BDD116CB26B3406A005C018F /* miniProject2UITests */ = {
			isa = PBXGroup;
			children = (
				BDD116CC26B3406A005C018F /* miniProject2UITests.swift */,
				BDD116CE26B3406A005C018F /* Info.plist */,
			);
			path = miniProject2UITests;
			sourceTree = "<group>";
		};
/* End PBXGroup section */

/* Begin PBXNativeTarget section */
		BDD116A626B34069005C018F /* miniProject2 */ = {
			isa = PBXNativeTarget;
			buildConfigurationList = BDD116D126B3406A005C018F /* Build configuration list for PBXNativeTarget "miniProject2" */;
			buildPhases = (
				BDD116A326B34069005C018F /* Sources */,
				BDD116A426B34069005C018F /* Frameworks */,
				BDD116A526B34069005C018F /* Resources */,
			);
			buildRules = (
			);
			dependencies = (
			);
			name = miniProject2;
			productName = miniProject2;
			productReference = BDD116A726B34069005C018F /* miniProject2.app */;
			productType = "com.apple.product-type.application";
		};
		BDD116BC26B3406A005C018F /* miniProject2Tests */ = {
			isa = PBXNativeTarget;
			buildConfigurationList = BDD116D426B3406A005C018F /* Build configuration list for PBXNativeTarget "miniProject2Tests" */;
			buildPhases = (
				BDD116B926B3406A005C018F /* Sources */,
				BDD116BA26B3406A005C018F /* Frameworks */,
				BDD116BB26B3406A005C018F /* Resources */,
			);
			buildRules = (
			);
			dependencies = (
				BDD116BF26B3406A005C018F /* PBXTargetDependency */,
			);
			name = miniProject2Tests;
			productName = miniProject2Tests;
			productReference = BDD116BD26B3406A005C018F /* miniProject2Tests.xctest */;
			productType = "com.apple.product-type.bundle.unit-test";
		};
		BDD116C726B3406A005C018F /* miniProject2UITests */ = {
			isa = PBXNativeTarget;
			buildConfigurationList = BDD116D726B3406A005C018F /* Build configuration list for PBXNativeTarget "miniProject2UITests" */;
			buildPhases = (
				BDD116C426B3406A005C018F /* Sources */,
				BDD116C526B3406A005C018F /* Frameworks */,
				BDD116C626B3406A005C018F /* Resources */,
			);
			buildRules = (
			);
			dependencies = (
				BDD116CA26B3406A005C018F /* PBXTargetDependency */,
			);
			name = miniProject2UITests;
			productName = miniProject2UITests;
			productReference = BDD116C826B3406A005C018F /* miniProject2UITests.xctest */;
			productType = "com.apple.product-type.bundle.ui-testing";
		};
/* End PBXNativeTarget section */

/* Begin PBXProject section */
		BDD1169F26B34069005C018F /* Project object */ = {
			isa = PBXProject;
			attributes = {
				LastSwiftUpdateCheck = 1250;
				LastUpgradeCheck = 1250;
				TargetAttributes = {
					BDD116A626B34069005C018F = {
						CreatedOnToolsVersion = 12.5.1;
					};
					BDD116BC26B3406A005C018F = {
						CreatedOnToolsVersion = 12.5.1;
						TestTargetID = BDD116A626B34069005C018F;
					};
					BDD116C726B3406A005C018F = {
						CreatedOnToolsVersion = 12.5.1;
						TestTargetID = BDD116A626B34069005C018F;
					};
				};
			};
			buildConfigurationList = BDD116A226B34069005C018F /* Build configuration list for PBXProject "miniProject2" */;
			compatibilityVersion = "Xcode 9.3";
			developmentRegion = en;
			hasScannedForEncodings = 0;
			knownRegions = (
				en,
				Base,
			);
			mainGroup = BDD1169E26B34069005C018F;
			productRefGroup = BDD116A826B34069005C018F /* Products */;
			projectDirPath = "";
			projectRoot = "";
			targets = (
				BDD116A626B34069005C018F /* miniProject2 */,
				BDD116BC26B3406A005C018F /* miniProject2Tests */,
				BDD116C726B3406A005C018F /* miniProject2UITests */,
			);
		};
/* End PBXProject section */

/* Begin PBXResourcesBuildPhase section */
		BDD116A526B34069005C018F /* Resources */ = {
			isa = PBXResourcesBuildPhase;
			buildActionMask = 2147483647;
			files = (
				BDD116B726B3406A005C018F /* LaunchScreen.storyboard in Resources */,
				BDD116B426B3406A005C018F /* Assets.xcassets in Resources */,
				BDD116B226B34069005C018F /* Main.storyboard in Resources */,
			);
			runOnlyForDeploymentPostprocessing = 0;
		};
		BDD116BB26B3406A005C018F /* Resources */ = {
			isa = PBXResourcesBuildPhase;
			buildActionMask = 2147483647;
			files = (
			);
			runOnlyForDeploymentPostprocessing = 0;
		};
		BDD116C626B3406A005C018F /* Resources */ = {
			isa = PBXResourcesBuildPhase;
			buildActionMask = 2147483647;
			files = (
			);
			runOnlyForDeploymentPostprocessing = 0;
		};
/* End PBXResourcesBuildPhase section */

/* Begin PBXSourcesBuildPhase section */
		BDD116A326B34069005C018F /* Sources */ = {
			isa = PBXSourcesBuildPhase;
			buildActionMask = 2147483647;
			files = (
				BDD116DB26B34EE0005C018F /* secondViewController.swift in Sources */,
				BDD116AF26B34069005C018F /* ViewController.swift in Sources */,
				BDD1171926B451F0005C018F /* thirdViewController.swift in Sources */,
				BDD116AB26B34069005C018F /* AppDelegate.swift in Sources */,
				BDD116AD26B34069005C018F /* SceneDelegate.swift in Sources */,
			);
			runOnlyForDeploymentPostprocessing = 0;
		};
		BDD116B926B3406A005C018F /* Sources */ = {
			isa = PBXSourcesBuildPhase;
			buildActionMask = 2147483647;
			files = (
				BDD116C226B3406A005C018F /* miniProject2Tests.swift in Sources */,
			);
			runOnlyForDeploymentPostprocessing = 0;
		};
		BDD116C426B3406A005C018F /* Sources */ = {
			isa = PBXSourcesBuildPhase;
			buildActionMask = 2147483647;
			files = (
				BDD116CD26B3406A005C018F /* miniProject2UITests.swift in Sources */,
			);
			runOnlyForDeploymentPostprocessing = 0;
		};
/* End PBXSourcesBuildPhase section */

/* Begin PBXTargetDependency section */
		BDD116BF26B3406A005C018F /* PBXTargetDependency */ = {
			isa = PBXTargetDependency;
			target = BDD116A626B34069005C018F /* miniProject2 */;
			targetProxy = BDD116BE26B3406A005C018F /* PBXContainerItemProxy */;
		};
		BDD116CA26B3406A005C018F /* PBXTargetDependency */ = {
			isa = PBXTargetDependency;
			target = BDD116A626B34069005C018F /* miniProject2 */;
			targetProxy = BDD116C926B3406A005C018F /* PBXContainerItemProxy */;
		};
/* End PBXTargetDependency section */

/* Begin PBXVariantGroup section */
		BDD116B026B34069005C018F /* Main.storyboard */ = {
			isa = PBXVariantGroup;
			children = (
				BDD116B126B34069005C018F /* Base */,
			);
			name = Main.storyboard;
			sourceTree = "<group>";
		};
		BDD116B526B3406A005C018F /* LaunchScreen.storyboard */ = {
			isa = PBXVariantGroup;
			children = (
				BDD116B626B3406A005C018F /* Base */,
			);
			name = LaunchScreen.storyboard;
			sourceTree = "<group>";
		};
/* End PBXVariantGroup section */

/* Begin XCBuildConfiguration section */
		BDD116CF26B3406A005C018F /* Debug */ = {
			isa = XCBuildConfiguration;
			buildSettings = {
				ALWAYS_SEARCH_USER_PATHS = NO;
				CLANG_ANALYZER_NONNULL = YES;
				CLANG_ANALYZER_NUMBER_OBJECT_CONVERSION = YES_AGGRESSIVE;
				CLANG_CXX_LANGUAGE_STANDARD = "gnu++14";
				CLANG_CXX_LIBRARY = "libc++";
				CLANG_ENABLE_MODULES = YES;
				CLANG_ENABLE_OBJC_ARC = YES;
				CLANG_ENABLE_OBJC_WEAK = YES;
				CLANG_WARN_BLOCK_CAPTURE_AUTORELEASING = YES;
				CLANG_WARN_BOOL_CONVERSION = YES;
				CLANG_WARN_COMMA = YES;
				CLANG_WARN_CONSTANT_CONVERSION = YES;
				CLANG_WARN_DEPRECATED_OBJC_IMPLEMENTATIONS = YES;
				CLANG_WARN_DIRECT_OBJC_ISA_USAGE = YES_ERROR;
				CLANG_WARN_DOCUMENTATION_COMMENTS = YES;
				CLANG_WARN_EMPTY_BODY = YES;
				CLANG_WARN_ENUM_CONVERSION = YES;
				CLANG_WARN_INFINITE_RECURSION = YES;
				CLANG_WARN_INT_CONVERSION = YES;
				CLANG_WARN_NON_LITERAL_NULL_CONVERSION = YES;
				CLANG_WARN_OBJC_IMPLICIT_RETAIN_SELF = YES;
				CLANG_WARN_OBJC_LITERAL_CONVERSION = YES;
				CLANG_WARN_OBJC_ROOT_CLASS = YES_ERROR;
				CLANG_WARN_QUOTED_INCLUDE_IN_FRAMEWORK_HEADER = YES;
				CLANG_WARN_RANGE_LOOP_ANALYSIS = YES;
				CLANG_WARN_STRICT_PROTOTYPES = YES;
				CLANG_WARN_SUSPICIOUS_MOVE = YES;
				CLANG_WARN_UNGUARDED_AVAILABILITY = YES_AGGRESSIVE;
				CLANG_WARN_UNREACHABLE_CODE = YES;
				CLANG_WARN__DUPLICATE_METHOD_MATCH = YES;
				COPY_PHASE_STRIP = NO;
				DEBUG_INFORMATION_FORMAT = dwarf;
				ENABLE_STRICT_OBJC_MSGSEND = YES;
				ENABLE_TESTABILITY = YES;
				GCC_C_LANGUAGE_STANDARD = gnu11;
				GCC_DYNAMIC_NO_PIC = NO;
				GCC_NO_COMMON_BLOCKS = YES;
				GCC_OPTIMIZATION_LEVEL = 0;
				GCC_PREPROCESSOR_DEFINITIONS = (
					"DEBUG=1",
					"$(inherited)",
				);
				GCC_WARN_64_TO_32_BIT_CONVERSION = YES;
				GCC_WARN_ABOUT_RETURN_TYPE = YES_ERROR;
				GCC_WARN_UNDECLARED_SELECTOR = YES;
				GCC_WARN_UNINITIALIZED_AUTOS = YES_AGGRESSIVE;
				GCC_WARN_UNUSED_FUNCTION = YES;
				GCC_WARN_UNUSED_VARIABLE = YES;
				IPHONEOS_DEPLOYMENT_TARGET = 14.5;
				MTL_ENABLE_DEBUG_INFO = INCLUDE_SOURCE;
				MTL_FAST_MATH = YES;
				ONLY_ACTIVE_ARCH = YES;
				SDKROOT = iphoneos;
				SWIFT_ACTIVE_COMPILATION_CONDITIONS = DEBUG;
				SWIFT_OPTIMIZATION_LEVEL = "-Onone";
			};
			name = Debug;
		};
		BDD116D026B3406A005C018F /* Release */ = {
			isa = XCBuildConfiguration;
			buildSettings = {
				ALWAYS_SEARCH_USER_PATHS = NO;
				CLANG_ANALYZER_NONNULL = YES;
				CLANG_ANALYZER_NUMBER_OBJECT_CONVERSION = YES_AGGRESSIVE;
				CLANG_CXX_LANGUAGE_STANDARD = "gnu++14";
				CLANG_CXX_LIBRARY = "libc++";
				CLANG_ENABLE_MODULES = YES;
				CLANG_ENABLE_OBJC_ARC = YES;
				CLANG_ENABLE_OBJC_WEAK = YES;
				CLANG_WARN_BLOCK_CAPTURE_AUTORELEASING = YES;
				CLANG_WARN_BOOL_CONVERSION = YES;
				CLANG_WARN_COMMA = YES;
				CLANG_WARN_CONSTANT_CONVERSION = YES;
				CLANG_WARN_DEPRECATED_OBJC_IMPLEMENTATIONS = YES;
				CLANG_WARN_DIRECT_OBJC_ISA_USAGE = YES_ERROR;
				CLANG_WARN_DOCUMENTATION_COMMENTS = YES;
				CLANG_WARN_EMPTY_BODY = YES;
				CLANG_WARN_ENUM_CONVERSION = YES;
				CLANG_WARN_INFINITE_RECURSION = YES;
				CLANG_WARN_INT_CONVERSION = YES;
				CLANG_WARN_NON_LITERAL_NULL_CONVERSION = YES;
				CLANG_WARN_OBJC_IMPLICIT_RETAIN_SELF = YES;
				CLANG_WARN_OBJC_LITERAL_CONVERSION = YES;
				CLANG_WARN_OBJC_ROOT_CLASS = YES_ERROR;
				CLANG_WARN_QUOTED_INCLUDE_IN_FRAMEWORK_HEADER = YES;
				CLANG_WARN_RANGE_LOOP_ANALYSIS = YES;
				CLANG_WARN_STRICT_PROTOTYPES = YES;
				CLANG_WARN_SUSPICIOUS_MOVE = YES;
				CLANG_WARN_UNGUARDED_AVAILABILITY = YES_AGGRESSIVE;
				CLANG_WARN_UNREACHABLE_CODE = YES;
				CLANG_WARN__DUPLICATE_METHOD_MATCH = YES;
				COPY_PHASE_STRIP = NO;
				DEBUG_INFORMATION_FORMAT = "dwarf-with-dsym";
				ENABLE_NS_ASSERTIONS = NO;
				ENABLE_STRICT_OBJC_MSGSEND = YES;
				GCC_C_LANGUAGE_STANDARD = gnu11;
				GCC_NO_COMMON_BLOCKS = YES;
				GCC_WARN_64_TO_32_BIT_CONVERSION = YES;
				GCC_WARN_ABOUT_RETURN_TYPE = YES_ERROR;
				GCC_WARN_UNDECLARED_SELECTOR = YES;
				GCC_WARN_UNINITIALIZED_AUTOS = YES_AGGRESSIVE;
				GCC_WARN_UNUSED_FUNCTION = YES;
				GCC_WARN_UNUSED_VARIABLE = YES;
				IPHONEOS_DEPLOYMENT_TARGET = 14.5;
				MTL_ENABLE_DEBUG_INFO = NO;
				MTL_FAST_MATH = YES;
				SDKROOT = iphoneos;
				SWIFT_COMPILATION_MODE = wholemodule;
				SWIFT_OPTIMIZATION_LEVEL = "-O";
				VALIDATE_PRODUCT = YES;
			};
			name = Release;
		};
		BDD116D226B3406A005C018F /* Debug */ = {
			isa = XCBuildConfiguration;
			buildSettings = {
				ASSETCATALOG_COMPILER_APPICON_NAME = AppIcon;
				ASSETCATALOG_COMPILER_GLOBAL_ACCENT_COLOR_NAME = AccentColor;
				CODE_SIGN_STYLE = Automatic;
				INFOPLIST_FILE = miniProject2/Info.plist;
				LD_RUNPATH_SEARCH_PATHS = (
					"$(inherited)",
					"@executable_path/Frameworks",
				);
				PRODUCT_BUNDLE_IDENTIFIER = KWK.miniProject2;
				PRODUCT_NAME = "$(TARGET_NAME)";
				SWIFT_VERSION = 5.0;
				TARGETED_DEVICE_FAMILY = "1,2";
			};
			name = Debug;
		};
		BDD116D326B3406A005C018F /* Release */ = {
			isa = XCBuildConfiguration;
			buildSettings = {
				ASSETCATALOG_COMPILER_APPICON_NAME = AppIcon;
				ASSETCATALOG_COMPILER_GLOBAL_ACCENT_COLOR_NAME = AccentColor;
				CODE_SIGN_STYLE = Automatic;
				INFOPLIST_FILE = miniProject2/Info.plist;
				LD_RUNPATH_SEARCH_PATHS = (
					"$(inherited)",
					"@executable_path/Frameworks",
				);
				PRODUCT_BUNDLE_IDENTIFIER = KWK.miniProject2;
				PRODUCT_NAME = "$(TARGET_NAME)";
				SWIFT_VERSION = 5.0;
				TARGETED_DEVICE_FAMILY = "1,2";
			};
			name = Release;
		};
		BDD116D526B3406A005C018F /* Debug */ = {
			isa = XCBuildConfiguration;
			buildSettings = {
				ALWAYS_EMBED_SWIFT_STANDARD_LIBRARIES = YES;
				BUNDLE_LOADER = "$(TEST_HOST)";
				CODE_SIGN_STYLE = Automatic;
				INFOPLIST_FILE = miniProject2Tests/Info.plist;
				IPHONEOS_DEPLOYMENT_TARGET = 14.5;
				LD_RUNPATH_SEARCH_PATHS = (
					"$(inherited)",
					"@executable_path/Frameworks",
					"@loader_path/Frameworks",
				);
				PRODUCT_BUNDLE_IDENTIFIER = KWK.miniProject2Tests;
				PRODUCT_NAME = "$(TARGET_NAME)";
				SWIFT_VERSION = 5.0;
				TARGETED_DEVICE_FAMILY = "1,2";
				TEST_HOST = "$(BUILT_PRODUCTS_DIR)/miniProject2.app/miniProject2";
			};
			name = Debug;
		};
		BDD116D626B3406A005C018F /* Release */ = {
			isa = XCBuildConfiguration;
			buildSettings = {
				ALWAYS_EMBED_SWIFT_STANDARD_LIBRARIES = YES;
				BUNDLE_LOADER = "$(TEST_HOST)";
				CODE_SIGN_STYLE = Automatic;
				INFOPLIST_FILE = miniProject2Tests/Info.plist;
				IPHONEOS_DEPLOYMENT_TARGET = 14.5;
				LD_RUNPATH_SEARCH_PATHS = (
					"$(inherited)",
					"@executable_path/Frameworks",
					"@loader_path/Frameworks",
				);
				PRODUCT_BUNDLE_IDENTIFIER = KWK.miniProject2Tests;
				PRODUCT_NAME = "$(TARGET_NAME)";
				SWIFT_VERSION = 5.0;
				TARGETED_DEVICE_FAMILY = "1,2";
				TEST_HOST = "$(BUILT_PRODUCTS_DIR)/miniProject2.app/miniProject2";
			};
			name = Release;
		};
		BDD116D826B3406A005C018F /* Debug */ = {
			isa = XCBuildConfiguration;
			buildSettings = {
				ALWAYS_EMBED_SWIFT_STANDARD_LIBRARIES = YES;
				CODE_SIGN_STYLE = Automatic;
				INFOPLIST_FILE = miniProject2UITests/Info.plist;
				LD_RUNPATH_SEARCH_PATHS = (
					"$(inherited)",
					"@executable_path/Frameworks",
					"@loader_path/Frameworks",
				);
				PRODUCT_BUNDLE_IDENTIFIER = KWK.miniProject2UITests;
				PRODUCT_NAME = "$(TARGET_NAME)";
				SWIFT_VERSION = 5.0;
				TARGETED_DEVICE_FAMILY = "1,2";
				TEST_TARGET_NAME = miniProject2;
			};
			name = Debug;
		};
		BDD116D926B3406A005C018F /* Release */ = {
			isa = XCBuildConfiguration;
			buildSettings = {
				ALWAYS_EMBED_SWIFT_STANDARD_LIBRARIES = YES;
				CODE_SIGN_STYLE = Automatic;
				INFOPLIST_FILE = miniProject2UITests/Info.plist;
				LD_RUNPATH_SEARCH_PATHS = (
					"$(inherited)",
					"@executable_path/Frameworks",
					"@loader_path/Frameworks",
				);
				PRODUCT_BUNDLE_IDENTIFIER = KWK.miniProject2UITests;
				PRODUCT_NAME = "$(TARGET_NAME)";
				SWIFT_VERSION = 5.0;
				TARGETED_DEVICE_FAMILY = "1,2";
				TEST_TARGET_NAME = miniProject2;
			};
			name = Release;
		};
/* End XCBuildConfiguration section */

/* Begin XCConfigurationList section */
		BDD116A226B34069005C018F /* Build configuration list for PBXProject "miniProject2" */ = {
			isa = XCConfigurationList;
			buildConfigurations = (
				BDD116CF26B3406A005C018F /* Debug */,
				BDD116D026B3406A005C018F /* Release */,
			);
			defaultConfigurationIsVisible = 0;
			defaultConfigurationName = Release;
		};
		BDD116D126B3406A005C018F /* Build configuration list for PBXNativeTarget "miniProject2" */ = {
			isa = XCConfigurationList;
			buildConfigurations = (
				BDD116D226B3406A005C018F /* Debug */,
				BDD116D326B3406A005C018F /* Release */,
			);
			defaultConfigurationIsVisible = 0;
			defaultConfigurationName = Release;
		};
		BDD116D426B3406A005C018F /* Build configuration list for PBXNativeTarget "miniProject2Tests" */ = {
			isa = XCConfigurationList;
			buildConfigurations = (
				BDD116D526B3406A005C018F /* Debug */,
				BDD116D626B3406A005C018F /* Release */,
			);
			defaultConfigurationIsVisible = 0;
			defaultConfigurationName = Release;
		};
		BDD116D726B3406A005C018F /* Build configuration list for PBXNativeTarget "miniProject2UITests" */ = {
			isa = XCConfigurationList;
			buildConfigurations = (
				BDD116D826B3406A005C018F /* Debug */,
				BDD116D926B3406A005C018F /* Release */,
			);
			defaultConfigurationIsVisible = 0;
			defaultConfigurationName = Release;
		};
/* End XCConfigurationList section */
	};
	rootObject = BDD1169F26B34069005C018F /* Project object */;
}
